// !$*UTF8*$!
{
	archiveVersion = 1;
	classes = {
	};
	objectVersion = 50;
	objects = {

/* Begin PBXBuildFile section */
		C73187852110A2DA001E4BF8 /* InputViewController1.swift in Sources */ = {isa = PBXBuildFile; fileRef = C73187842110A2DA001E4BF8 /* InputViewController1.swift */; };
		C73187872110B4E1001E4BF8 /* AssignmentViewController.swift in Sources */ = {isa = PBXBuildFile; fileRef = C73187862110B4E1001E4BF8 /* AssignmentViewController.swift */; };
		C73187892110E929001E4BF8 /* GalleryViewController.swift in Sources */ = {isa = PBXBuildFile; fileRef = C73187882110E929001E4BF8 /* GalleryViewController.swift */; };
		C731878B21120C4C001E4BF8 /* SchoolGradeViewController.swift in Sources */ = {isa = PBXBuildFile; fileRef = C731878A21120C4C001E4BF8 /* SchoolGradeViewController.swift */; };
		C731878D21122DD7001E4BF8 /* TimerViewController.swift in Sources */ = {isa = PBXBuildFile; fileRef = C731878C21122DD7001E4BF8 /* TimerViewController.swift */; };
		C765CF55210F65E700EAFAD7 /* AppDelegate.swift in Sources */ = {isa = PBXBuildFile; fileRef = C765CF54210F65E700EAFAD7 /* AppDelegate.swift */; };
		C765CF57210F65E700EAFAD7 /* ViewController.swift in Sources */ = {isa = PBXBuildFile; fileRef = C765CF56210F65E700EAFAD7 /* ViewController.swift */; };
		C765CF5A210F65E700EAFAD7 /* Main.storyboard in Resources */ = {isa = PBXBuildFile; fileRef = C765CF58210F65E700EAFAD7 /* Main.storyboard */; };
		C765CF5D210F65E700EAFAD7 /* Peers_.xcdatamodeld in Sources */ = {isa = PBXBuildFile; fileRef = C765CF5B210F65E700EAFAD7 /* Peers_.xcdatamodeld */; };
		C765CF5F210F65E800EAFAD7 /* Assets.xcassets in Resources */ = {isa = PBXBuildFile; fileRef = C765CF5E210F65E800EAFAD7 /* Assets.xcassets */; };
		C765CF62210F65E800EAFAD7 /* LaunchScreen.storyboard in Resources */ = {isa = PBXBuildFile; fileRef = C765CF60210F65E800EAFAD7 /* LaunchScreen.storyboard */; };
		C76A304B21134816008D7E4B /* InputContactViewController.swift in Sources */ = {isa = PBXBuildFile; fileRef = C76A304A21134816008D7E4B /* InputContactViewController.swift */; };
		C76A304D2113484F008D7E4B /* ContactsTableViewController.swift in Sources */ = {isa = PBXBuildFile; fileRef = C76A304C2113484F008D7E4B /* ContactsTableViewController.swift */; };
		C76A304F21135DFA008D7E4B /* RandomQuoteViewController.swift in Sources */ = {isa = PBXBuildFile; fileRef = C76A304E21135DFA008D7E4B /* RandomQuoteViewController.swift */; };
		C76A305121137E93008D7E4B /* HelpViewController.swift in Sources */ = {isa = PBXBuildFile; fileRef = C76A305021137E93008D7E4B /* HelpViewController.swift */; };
/* End PBXBuildFile section */

/* Begin PBXFileReference section */
		C73187842110A2DA001E4BF8 /* InputViewController1.swift */ = {isa = PBXFileReference; lastKnownFileType = sourcecode.swift; path = InputViewController1.swift; sourceTree = "<group>"; };
		C73187862110B4E1001E4BF8 /* AssignmentViewController.swift */ = {isa = PBXFileReference; lastKnownFileType = sourcecode.swift; path = AssignmentViewController.swift; sourceTree = "<group>"; };
		C73187882110E929001E4BF8 /* GalleryViewController.swift */ = {isa = PBXFileReference; lastKnownFileType = sourcecode.swift; path = GalleryViewController.swift; sourceTree = "<group>"; };
		C731878A21120C4C001E4BF8 /* SchoolGradeViewController.swift */ = {isa = PBXFileReference; lastKnownFileType = sourcecode.swift; path = SchoolGradeViewController.swift; sourceTree = "<group>"; };
		C731878C21122DD7001E4BF8 /* TimerViewController.swift */ = {isa = PBXFileReference; lastKnownFileType = sourcecode.swift; path = TimerViewController.swift; sourceTree = "<group>"; };
		C765CF51210F65E700EAFAD7 /* Peers!.app */ = {isa = PBXFileReference; explicitFileType = wrapper.application; includeInIndex = 0; path = "Peers!.app"; sourceTree = BUILT_PRODUCTS_DIR; };
		C765CF54210F65E700EAFAD7 /* AppDelegate.swift */ = {isa = PBXFileReference; lastKnownFileType = sourcecode.swift; path = AppDelegate.swift; sourceTree = "<group>"; };
		C765CF56210F65E700EAFAD7 /* ViewController.swift */ = {isa = PBXFileReference; lastKnownFileType = sourcecode.swift; path = ViewController.swift; sourceTree = "<group>"; };
		C765CF59210F65E700EAFAD7 /* Base */ = {isa = PBXFileReference; lastKnownFileType = file.storyboard; name = Base; path = Base.lproj/Main.storyboard; sourceTree = "<group>"; };
		C765CF5C210F65E700EAFAD7 /* Peers_.xcdatamodel */ = {isa = PBXFileReference; lastKnownFileType = wrapper.xcdatamodel; path = Peers_.xcdatamodel; sourceTree = "<group>"; };
		C765CF5E210F65E800EAFAD7 /* Assets.xcassets */ = {isa = PBXFileReference; lastKnownFileType = folder.assetcatalog; path = Assets.xcassets; sourceTree = "<group>"; };
		C765CF61210F65E800EAFAD7 /* Base */ = {isa = PBXFileReference; lastKnownFileType = file.storyboard; name = Base; path = Base.lproj/LaunchScreen.storyboard; sourceTree = "<group>"; };
		C765CF63210F65E800EAFAD7 /* Info.plist */ = {isa = PBXFileReference; lastKnownFileType = text.plist.xml; path = Info.plist; sourceTree = "<group>"; };
		C76A304A21134816008D7E4B /* InputContactViewController.swift */ = {isa = PBXFileReference; lastKnownFileType = sourcecode.swift; path = InputContactViewController.swift; sourceTree = "<group>"; };
		C76A304C2113484F008D7E4B /* ContactsTableViewController.swift */ = {isa = PBXFileReference; lastKnownFileType = sourcecode.swift; path = ContactsTableViewController.swift; sourceTree = "<group>"; };
		C76A304E21135DFA008D7E4B /* RandomQuoteViewController.swift */ = {isa = PBXFileReference; lastKnownFileType = sourcecode.swift; path = RandomQuoteViewController.swift; sourceTree = "<group>"; };
		C76A305021137E93008D7E4B /* HelpViewController.swift */ = {isa = PBXFileReference; lastKnownFileType = sourcecode.swift; path = HelpViewController.swift; sourceTree = "<group>"; };
/* End PBXFileReference section */

/* Begin PBXFrameworksBuildPhase section */
		C765CF4E210F65E700EAFAD7 /* Frameworks */ = {
			isa = PBXFrameworksBuildPhase;
			buildActionMask = 2147483647;
			files = (
			);
			runOnlyForDeploymentPostprocessing = 0;
		};
/* End PBXFrameworksBuildPhase section */

/* Begin PBXGroup section */
		C765CF48210F65E700EAFAD7 = {
			isa = PBXGroup;
			children = (
				C765CF53210F65E700EAFAD7 /* Peers! */,
				C765CF52210F65E700EAFAD7 /* Products */,
			);
			sourceTree = "<group>";
		};
		C765CF52210F65E700EAFAD7 /* Products */ = {
			isa = PBXGroup;
			children = (
				C765CF51210F65E700EAFAD7 /* Peers!.app */,
			);
			name = Products;
			sourceTree = "<group>";
		};
		C765CF53210F65E700EAFAD7 /* Peers! */ = {
			isa = PBXGroup;
			children = (
				C765CF54210F65E700EAFAD7 /* AppDelegate.swift */,
				C765CF56210F65E700EAFAD7 /* ViewController.swift */,
				C73187882110E929001E4BF8 /* GalleryViewController.swift */,
				C73187842110A2DA001E4BF8 /* InputViewController1.swift */,
				C731878C21122DD7001E4BF8 /* TimerViewController.swift */,
				C73187862110B4E1001E4BF8 /* AssignmentViewController.swift */,
				C731878A21120C4C001E4BF8 /* SchoolGradeViewController.swift */,
				C76A304A21134816008D7E4B /* InputContactViewController.swift */,
				C76A304C2113484F008D7E4B /* ContactsTableViewController.swift */,
				C765CF58210F65E700EAFAD7 /* Main.storyboard */,
				C765CF5E210F65E800EAFAD7 /* Assets.xcassets */,
				C76A305021137E93008D7E4B /* HelpViewController.swift */,
				C765CF60210F65E800EAFAD7 /* LaunchScreen.storyboard */,
				C765CF63210F65E800EAFAD7 /* Info.plist */,
				C765CF5B210F65E700EAFAD7 /* Peers_.xcdatamodeld */,
				C76A304E21135DFA008D7E4B /* RandomQuoteViewController.swift */,
			);
			path = "Peers!";
			sourceTree = "<group>";
		};
/* End PBXGroup section */

/* Begin PBXNativeTarget section */
		C765CF50210F65E700EAFAD7 /* Peers! */ = {
			isa = PBXNativeTarget;
			buildConfigurationList = C765CF66210F65E800EAFAD7 /* Build configuration list for PBXNativeTarget "Peers!" */;
			buildPhases = (
				C765CF4D210F65E700EAFAD7 /* Sources */,
				C765CF4E210F65E700EAFAD7 /* Frameworks */,
				C765CF4F210F65E700EAFAD7 /* Resources */,
			);
			buildRules = (
			);
			dependencies = (
			);
			name = "Peers!";
			productName = "Peers!";
			productReference = C765CF51210F65E700EAFAD7 /* Peers!.app */;
			productType = "com.apple.product-type.application";
		};
/* End PBXNativeTarget section */

/* Begin PBXProject section */
		C765CF49210F65E700EAFAD7 /* Project object */ = {
			isa = PBXProject;
			attributes = {
				LastSwiftUpdateCheck = 0940;
				LastUpgradeCheck = 0940;
				ORGANIZATIONNAME = Mates;
				TargetAttributes = {
					C765CF50210F65E700EAFAD7 = {
						CreatedOnToolsVersion = 9.4.1;
						SystemCapabilities = {
							com.apple.BackgroundModes = {
								enabled = 1;
							};
						};
					};
				};
			};
			buildConfigurationList = C765CF4C210F65E700EAFAD7 /* Build configuration list for PBXProject "Peers!" */;
			compatibilityVersion = "Xcode 9.3";
			developmentRegion = en;
			hasScannedForEncodings = 0;
			knownRegions = (
				en,
				Base,
			);
			mainGroup = C765CF48210F65E700EAFAD7;
			productRefGroup = C765CF52210F65E700EAFAD7 /* Products */;
			projectDirPath = "";
			projectRoot = "";
			targets = (
				C765CF50210F65E700EAFAD7 /* Peers! */,
			);
		};
/* End PBXProject section */

/* Begin PBXResourcesBuildPhase section */
		C765CF4F210F65E700EAFAD7 /* Resources */ = {
			isa = PBXResourcesBuildPhase;
			buildActionMask = 2147483647;
			files = (
				C765CF62210F65E800EAFAD7 /* LaunchScreen.storyboard in Resources */,
				C765CF5F210F65E800EAFAD7 /* Assets.xcassets in Resources */,
				C765CF5A210F65E700EAFAD7 /* Main.storyboard in Resources */,
			);
			runOnlyForDeploymentPostprocessing = 0;
		};
/* End PBXResourcesBuildPhase section */

/* Begin PBXSourcesBuildPhase section */
		C765CF4D210F65E700EAFAD7 /* Sources */ = {
			isa = PBXSourcesBuildPhase;
			buildActionMask = 2147483647;
			files = (
				C73187852110A2DA001E4BF8 /* InputViewController1.swift in Sources */,
				C765CF57210F65E700EAFAD7 /* ViewController.swift in Sources */,
				C76A304D2113484F008D7E4B /* ContactsTableViewController.swift in Sources */,
				C731878B21120C4C001E4BF8 /* SchoolGradeViewController.swift in Sources */,
				C765CF5D210F65E700EAFAD7 /* Peers_.xcdatamodeld in Sources */,
				C76A304F21135DFA008D7E4B /* RandomQuoteViewController.swift in Sources */,
				C731878D21122DD7001E4BF8 /* TimerViewController.swift in Sources */,
				C76A305121137E93008D7E4B /* HelpViewController.swift in Sources */,
				C76A304B21134816008D7E4B /* InputContactViewController.swift in Sources */,
				C73187892110E929001E4BF8 /* GalleryViewController.swift in Sources */,
				C765CF55210F65E700EAFAD7 /* AppDelegate.swift in Sources */,
				C73187872110B4E1001E4BF8 /* AssignmentViewController.swift in Sources */,
			);
			runOnlyForDeploymentPostprocessing = 0;
		};
/* End PBXSourcesBuildPhase section */

/* Begin PBXVariantGroup section */
		C765CF58210F65E700EAFAD7 /* Main.storyboard */ = {
			isa = PBXVariantGroup;
			children = (
				C765CF59210F65E700EAFAD7 /* Base */,
			);
			name = Main.storyboard;
			sourceTree = "<group>";
		};
		C765CF60210F65E800EAFAD7 /* LaunchScreen.storyboard */ = {
			isa = PBXVariantGroup;
			children = (
				C765CF61210F65E800EAFAD7 /* Base */,
			);
			name = LaunchScreen.storyboard;
			sourceTree = "<group>";
		};
/* End PBXVariantGroup section */

/* Begin XCBuildConfiguration section */
		C765CF64210F65E800EAFAD7 /* Debug */ = {
			isa = XCBuildConfiguration;
			buildSettings = {
				ALWAYS_SEARCH_USER_PATHS = NO;
				CLANG_ANALYZER_NONNULL = YES;
				CLANG_ANALYZER_NUMBER_OBJECT_CONVERSION = YES_AGGRESSIVE;
				CLANG_CXX_LANGUAGE_STANDARD = "gnu++14";
				CLANG_CXX_LIBRARY = "libc++";
				CLANG_ENABLE_MODULES = YES;
				CLANG_ENABLE_OBJC_ARC = YES;
				CLANG_ENABLE_OBJC_WEAK = YES;
				CLANG_WARN_BLOCK_CAPTURE_AUTORELEASING = YES;
				CLANG_WARN_BOOL_CONVERSION = YES;
				CLANG_WARN_COMMA = YES;
				CLANG_WARN_CONSTANT_CONVERSION = YES;
				CLANG_WARN_DEPRECATED_OBJC_IMPLEMENTATIONS = YES;
				CLANG_WARN_DIRECT_OBJC_ISA_USAGE = YES_ERROR;
				CLANG_WARN_DOCUMENTATION_COMMENTS = YES;
				CLANG_WARN_EMPTY_BODY = YES;
				CLANG_WARN_ENUM_CONVERSION = YES;
				CLANG_WARN_INFINITE_RECURSION = YES;
				CLANG_WARN_INT_CONVERSION = YES;
				CLANG_WARN_NON_LITERAL_NULL_CONVERSION = YES;
				CLANG_WARN_OBJC_IMPLICIT_RETAIN_SELF = YES;
				CLANG_WARN_OBJC_LITERAL_CONVERSION = YES;
				CLANG_WARN_OBJC_ROOT_CLASS = YES_ERROR;
				CLANG_WARN_RANGE_LOOP_ANALYSIS = YES;
				CLANG_WARN_STRICT_PROTOTYPES = YES;
				CLANG_WARN_SUSPICIOUS_MOVE = YES;
				CLANG_WARN_UNGUARDED_AVAILABILITY = YES_AGGRESSIVE;
				CLANG_WARN_UNREACHABLE_CODE = YES;
				CLANG_WARN__DUPLICATE_METHOD_MATCH = YES;
				CODE_SIGN_IDENTITY = "iPhone Developer";
				COPY_PHASE_STRIP = NO;
				DEBUG_INFORMATION_FORMAT = dwarf;
				ENABLE_STRICT_OBJC_MSGSEND = YES;
				ENABLE_TESTABILITY = YES;
				GCC_C_LANGUAGE_STANDARD = gnu11;
				GCC_DYNAMIC_NO_PIC = NO;
				GCC_NO_COMMON_BLOCKS = YES;
				GCC_OPTIMIZATION_LEVEL = 0;
				GCC_PREPROCESSOR_DEFINITIONS = (
					"DEBUG=1",
					"$(inherited)",
				);
				GCC_WARN_64_TO_32_BIT_CONVERSION = YES;
				GCC_WARN_ABOUT_RETURN_TYPE = YES_ERROR;
				GCC_WARN_UNDECLARED_SELECTOR = YES;
				GCC_WARN_UNINITIALIZED_AUTOS = YES_AGGRESSIVE;
				GCC_WARN_UNUSED_FUNCTION = YES;
				GCC_WARN_UNUSED_VARIABLE = YES;
				IPHONEOS_DEPLOYMENT_TARGET = 11.4;
				MTL_ENABLE_DEBUG_INFO = YES;
				ONLY_ACTIVE_ARCH = YES;
				SDKROOT = iphoneos;
				SWIFT_ACTIVE_COMPILATION_CONDITIONS = DEBUG;
				SWIFT_OPTIMIZATION_LEVEL = "-Onone";
			};
			name = Debug;
		};
		C765CF65210F65E800EAFAD7 /* Release */ = {
			isa = XCBuildConfiguration;
			buildSettings = {
				ALWAYS_SEARCH_USER_PATHS = NO;
				CLANG_ANALYZER_NONNULL = YES;
				CLANG_ANALYZER_NUMBER_OBJECT_CONVERSION = YES_AGGRESSIVE;
				CLANG_CXX_LANGUAGE_STANDARD = "gnu++14";
				CLANG_CXX_LIBRARY = "libc++";
				CLANG_ENABLE_MODULES = YES;
				CLANG_ENABLE_OBJC_ARC = YES;
				CLANG_ENABLE_OBJC_WEAK = YES;
				CLANG_WARN_BLOCK_CAPTURE_AUTORELEASING = YES;
				CLANG_WARN_BOOL_CONVERSION = YES;
				CLANG_WARN_COMMA = YES;
				CLANG_WARN_CONSTANT_CONVERSION = YES;
				CLANG_WARN_DEPRECATED_OBJC_IMPLEMENTATIONS = YES;
				CLANG_WARN_DIRECT_OBJC_ISA_USAGE = YES_ERROR;
				CLANG_WARN_DOCUMENTATION_COMMENTS = YES;
				CLANG_WARN_EMPTY_BODY = YES;
				CLANG_WARN_ENUM_CONVERSION = YES;
				CLANG_WARN_INFINITE_RECURSION = YES;
				CLANG_WARN_INT_CONVERSION = YES;
				CLANG_WARN_NON_LITERAL_NULL_CONVERSION = YES;
				CLANG_WARN_OBJC_IMPLICIT_RETAIN_SELF = YES;
				CLANG_WARN_OBJC_LITERAL_CONVERSION = YES;
				CLANG_WARN_OBJC_ROOT_CLASS = YES_ERROR;
				CLANG_WARN_RANGE_LOOP_ANALYSIS = YES;
				CLANG_WARN_STRICT_PROTOTYPES = YES;
				CLANG_WARN_SUSPICIOUS_MOVE = YES;
				CLANG_WARN_UNGUARDED_AVAILABILITY = YES_AGGRESSIVE;
				CLANG_WARN_UNREACHABLE_CODE = YES;
				CLANG_WARN__DUPLICATE_METHOD_MATCH = YES;
				CODE_SIGN_IDENTITY = "iPhone Developer";
				COPY_PHASE_STRIP = NO;
				DEBUG_INFORMATION_FORMAT = "dwarf-with-dsym";
				ENABLE_NS_ASSERTIONS = NO;
				ENABLE_STRICT_OBJC_MSGSEND = YES;
				GCC_C_LANGUAGE_STANDARD = gnu11;
				GCC_NO_COMMON_BLOCKS = YES;
				GCC_WARN_64_TO_32_BIT_CONVERSION = YES;
				GCC_WARN_ABOUT_RETURN_TYPE = YES_ERROR;
				GCC_WARN_UNDECLARED_SELECTOR = YES;
				GCC_WARN_UNINITIALIZED_AUTOS = YES_AGGRESSIVE;
				GCC_WARN_UNUSED_FUNCTION = YES;
				GCC_WARN_UNUSED_VARIABLE = YES;
				IPHONEOS_DEPLOYMENT_TARGET = 11.4;
				MTL_ENABLE_DEBUG_INFO = NO;
				SDKROOT = iphoneos;
				SWIFT_COMPILATION_MODE = wholemodule;
				SWIFT_OPTIMIZATION_LEVEL = "-O";
				VALIDATE_PRODUCT = YES;
			};
			name = Release;
		};
		C765CF67210F65E800EAFAD7 /* Debug */ = {
			isa = XCBuildConfiguration;
			buildSettings = {
				ASSETCATALOG_COMPILER_APPICON_NAME = AppIcon;
				CODE_SIGN_STYLE = Automatic;
				DEVELOPMENT_TEAM = 6WDDDCM433;
				INFOPLIST_FILE = "Peers!/Info.plist";
				LD_RUNPATH_SEARCH_PATHS = (
					"$(inherited)",
					"@executable_path/Frameworks",
				);
				PRODUCT_BUNDLE_IDENTIFIER = "Mates.GWCPeers-";
				PRODUCT_NAME = "$(TARGET_NAME)";
				SWIFT_VERSION = 4.0;
				TARGETED_DEVICE_FAMILY = "1,2";
			};
			name = Debug;
		};
		C765CF68210F65E800EAFAD7 /* Release */ = {
			isa = XCBuildConfiguration;
			buildSettings = {
				ASSETCATALOG_COMPILER_APPICON_NAME = AppIcon;
				CODE_SIGN_STYLE = Automatic;
				DEVELOPMENT_TEAM = 6WDDDCM433;
				INFOPLIST_FILE = "Peers!/Info.plist";
				LD_RUNPATH_SEARCH_PATHS = (
					"$(inherited)",
					"@executable_path/Frameworks",
				);
				PRODUCT_BUNDLE_IDENTIFIER = "Mates.GWCPeers-";
				PRODUCT_NAME = "$(TARGET_NAME)";
				SWIFT_VERSION = 4.0;
				TARGETED_DEVICE_FAMILY = "1,2";
			};
			name = Release;
		};
/* End XCBuildConfiguration section */

/* Begin XCConfigurationList section */
		C765CF4C210F65E700EAFAD7 /* Build configuration list for PBXProject "Peers!" */ = {
			isa = XCConfigurationList;
			buildConfigurations = (
				C765CF64210F65E800EAFAD7 /* Debug */,
				C765CF65210F65E800EAFAD7 /* Release */,
			);
			defaultConfigurationIsVisible = 0;
			defaultConfigurationName = Release;
		};
		C765CF66210F65E800EAFAD7 /* Build configuration list for PBXNativeTarget "Peers!" */ = {
			isa = XCConfigurationList;
			buildConfigurations = (
				C765CF67210F65E800EAFAD7 /* Debug */,
				C765CF68210F65E800EAFAD7 /* Release */,
			);
			defaultConfigurationIsVisible = 0;
			defaultConfigurationName = Release;
		};
/* End XCConfigurationList section */

/* Begin XCVersionGroup section */
		C765CF5B210F65E700EAFAD7 /* Peers_.xcdatamodeld */ = {
			isa = XCVersionGroup;
			children = (
				C765CF5C210F65E700EAFAD7 /* Peers_.xcdatamodel */,
			);
			currentVersion = C765CF5C210F65E700EAFAD7 /* Peers_.xcdatamodel */;
			path = Peers_.xcdatamodeld;
			sourceTree = "<group>";
			versionGroupType = wrapper.xcdatamodel;
		};
/* End XCVersionGroup section */
	};
	rootObject = C765CF49210F65E700EAFAD7 /* Project object */;
}
